
Microsoft Visual Studio Solution File, Format Version 12.00
# Visual Studio Version 17
VisualStudioVersion = 17.7.34003.232
MinimumVisualStudioVersion = 10.0.40219.1
Project("{FAE04EC0-301F-11D3-BF4B-00C04F79EFBC}") = "ClassLibrary1", "ClassLibrary1\ClassLibrary1.csproj", "{B55C87DC-4F0B-4087-A10E-C51DA1FFE518}"
EndProject
Project("{FAE04EC0-301F-11D3-BF4B-00C04F79EFBC}") = "Console", "Console\Console.csproj", "{5A2FAF68-F8C8-4107-BB5C-0F1D23D808BF}"
EndProject
Project("{FAE04EC0-301F-11D3-BF4B-00C04F79EFBC}") = "Szamla", "Szamla\Szamla.csproj", "{AF87353E-6B01-4A57-A348-9B845A1EEBB8}"
EndProject
Global
	GlobalSection(SolutionConfigurationPlatforms) = preSolution
		Debug|Any CPU = Debug|Any CPU
		Release|Any CPU = Release|Any CPU
	EndGlobalSection
	GlobalSection(ProjectConfigurationPlatforms) = postSolution
		{B55C87DC-4F0B-4087-A10E-C51DA1FFE518}.Debug|Any CPU.ActiveCfg = Debug|Any CPU
		{B55C87DC-4F0B-4087-A10E-C51DA1FFE518}.Debug|Any CPU.Build.0 = Debug|Any CPU
		{B55C87DC-4F0B-4087-A10E-C51DA1FFE518}.Release|Any CPU.ActiveCfg = Release|Any CPU
		{B55C87DC-4F0B-4087-A10E-C51DA1FFE518}.Release|Any CPU.Build.0 = Release|Any CPU
		{5A2FAF68-F8C8-4107-BB5C-0F1D23D808BF}.Debug|Any CPU.ActiveCfg = Debug|Any CPU
		{5A2FAF68-F8C8-4107-BB5C-0F1D23D808BF}.Debug|Any CPU.Build.0 = Debug|Any CPU
		{5A2FAF68-F8C8-4107-BB5C-0F1D23D808BF}.Release|Any CPU.ActiveCfg = Release|Any CPU
		{5A2FAF68-F8C8-4107-BB5C-0F1D23D808BF}.Release|Any CPU.Build.0 = Release|Any CPU
		{AF87353E-6B01-4A57-A348-9B845A1EEBB8}.Debug|Any CPU.ActiveCfg = Debug|Any CPU
		{AF87353E-6B01-4A57-A348-9B845A1EEBB8}.Debug|Any CPU.Build.0 = Debug|Any CPU
		{AF87353E-6B01-4A57-A348-9B845A1EEBB8}.Release|Any CPU.ActiveCfg = Release|Any CPU
		{AF87353E-6B01-4A57-A348-9B845A1EEBB8}.Release|Any CPU.Build.0 = Release|Any CPU
	EndGlobalSection
	GlobalSection(SolutionProperties) = preSolution
		HideSolutionNode = FALSE
	EndGlobalSection
	GlobalSection(ExtensibilityGlobals) = postSolution
		SolutionGuid = {72B792FB-7029-4784-AB29-60A7C14EC0EF}
	EndGlobalSection
EndGlobal
